<?xml version="1.0" encoding="utf-8"?>
<Project ToolsVersion="4.0" xmlns="http://schemas.microsoft.com/developer/msbuild/2003">
  <ItemGroup>
    <ClCompile Include="main.cpp" />
    <ClCompile Include="matrix44.cpp">
      <Filter>math</Filter>
    </ClCompile>
    <ClCompile Include="quaternion.cpp">
      <Filter>math</Filter>
    </ClCompile>
    <ClCompile Include="vector3.cpp">
      <Filter>math</Filter>
    </ClCompile>
    <ClCompile Include="stdafx.cpp" />
    <ClCompile Include="vertexbuffer.cpp">
      <Filter>dx11</Filter>
    </ClCompile>
    <ClCompile Include="shader11.cpp">
      <Filter>dx11</Filter>
    </ClCompile>
  </ItemGroup>
  <ItemGroup>
    <Filter Include="math">
      <UniqueIdentifier>{9051eee9-2913-4fcb-adb0-4c4bddfde9b2}</UniqueIdentifier>
    </Filter>
    <Filter Include="dx11">
      <UniqueIdentifier>{7ab14537-df51-47b5-8874-4b87300e59f4}</UniqueIdentifier>
    </Filter>
  </ItemGroup>
  <ItemGroup>
    <ClInclude Include="matrix44.h">
      <Filter>math</Filter>
    </ClInclude>
    <ClInclude Include="quaternion.h">
      <Filter>math</Filter>
    </ClInclude>
    <ClInclude Include="vector3.h">
      <Filter>math</Filter>
    </ClInclude>
    <ClInclude Include="stdafx.h" />
    <ClInclude Include="vertexbuffer.h">
      <Filter>dx11</Filter>
    </ClInclude>
    <ClInclude Include="shader11.h">
      <Filter>dx11</Filter>
    </ClInclude>
  </ItemGroup>
  <ItemGroup>
    <FxCompile Include="shader.fx">
      <Filter>dx11</Filter>
    </FxCompile>
  </ItemGroup>
</Project>