<?xml version="1.0" encoding="utf-8"?>
<Project ToolsVersion="4.0" xmlns="http://schemas.microsoft.com/developer/msbuild/2003">
  <ItemGroup>
    <ClCompile Include="main.cpp" />
    <ClCompile Include="matrix44.cpp">
      <Filter>math</Filter>
    </ClCompile>
    <ClCompile Include="quaternion.cpp">
      <Filter>math</Filter>
    </ClCompile>
    <ClCompile Include="vector3.cpp">
      <Filter>math</Filter>
    </ClCompile>
    <ClCompile Include="stdafx.cpp" />
  </ItemGroup>
  <ItemGroup>
    <Filter Include="math">
      <UniqueIdentifier>{9051eee9-2913-4fcb-adb0-4c4bddfde9b2}</UniqueIdentifier>
    </Filter>
  </ItemGroup>
  <ItemGroup>
    <ClInclude Include="matrix44.h">
      <Filter>math</Filter>
    </ClInclude>
    <ClInclude Include="quaternion.h">
      <Filter>math</Filter>
    </ClInclude>
    <ClInclude Include="vector3.h">
      <Filter>math</Filter>
    </ClInclude>
    <ClInclude Include="stdafx.h" />
  </ItemGroup>
</Project>